
Microsoft Visual Studio Solution File, Format Version 12.00
# Visual Studio Version 16
VisualStudioVersion = 16.0.31624.102
MinimumVisualStudioVersion = 10.0.40219.1
Project("{FAE04EC0-301F-11D3-BF4B-00C04F79EFBC}") = "App1.UWP", "App1\App1.UWP\App1.UWP.csproj", "{97872F1D-1578-4593-92B3-0CB351DAA92D}"
EndProject
Project("{FAE04EC0-301F-11D3-BF4B-00C04F79EFBC}") = "App1.Android", "App1\App1.Android\App1.Android.csproj", "{D8CD0A10-C256-4780-A27A-018E4A65DBB9}"
EndProject
Project("{FAE04EC0-301F-11D3-BF4B-00C04F79EFBC}") = "App1.iOS", "App1\App1.iOS\App1.iOS.csproj", "{AD9007EC-BFEC-49C3-BA4F-990E7C1AD2F5}"
EndProject
Project("{FAE04EC0-301F-11D3-BF4B-00C04F79EFBC}") = "App1", "App1\App1\App1.csproj", "{89535F76-0371-47E5-988A-38BC02C55363}"
EndProject
Global
	GlobalSection(SolutionConfigurationPlatforms) = preSolution
		Debug|Any CPU = Debug|Any CPU
		Debug|ARM = Debug|ARM
		Debug|iPhone = Debug|iPhone
		Debug|iPhoneSimulator = Debug|iPhoneSimulator
		Debug|x64 = Debug|x64
		Debug|x86 = Debug|x86
		Release|Any CPU = Release|Any CPU
		Release|ARM = Release|ARM
		Release|iPhone = Release|iPhone
		Release|iPhoneSimulator = Release|iPhoneSimulator
		Release|x64 = Release|x64
		Release|x86 = Release|x86
	EndGlobalSection
	GlobalSection(ProjectConfigurationPlatforms) = postSolution
		{97872F1D-1578-4593-92B3-0CB351DAA92D}.Debug|Any CPU.ActiveCfg = Debug|x86
		{97872F1D-1578-4593-92B3-0CB351DAA92D}.Debug|Any CPU.Build.0 = Debug|x86
		{97872F1D-1578-4593-92B3-0CB351DAA92D}.Debug|Any CPU.Deploy.0 = Debug|x86
		{97872F1D-1578-4593-92B3-0CB351DAA92D}.Debug|ARM.ActiveCfg = Debug|ARM
		{97872F1D-1578-4593-92B3-0CB351DAA92D}.Debug|ARM.Build.0 = Debug|ARM
		{97872F1D-1578-4593-92B3-0CB351DAA92D}.Debug|ARM.Deploy.0 = Debug|ARM
		{97872F1D-1578-4593-92B3-0CB351DAA92D}.Debug|iPhone.ActiveCfg = Debug|x86
		{97872F1D-1578-4593-92B3-0CB351DAA92D}.Debug|iPhone.Build.0 = Debug|x86
		{97872F1D-1578-4593-92B3-0CB351DAA92D}.Debug|iPhone.Deploy.0 = Debug|x86
		{97872F1D-1578-4593-92B3-0CB351DAA92D}.Debug|iPhoneSimulator.ActiveCfg = Debug|x86
		{97872F1D-1578-4593-92B3-0CB351DAA92D}.Debug|iPhoneSimulator.Build.0 = Debug|x86
		{97872F1D-1578-4593-92B3-0CB351DAA92D}.Debug|iPhoneSimulator.Deploy.0 = Debug|x86
		{97872F1D-1578-4593-92B3-0CB351DAA92D}.Debug|x64.ActiveCfg = Debug|x64
		{97872F1D-1578-4593-92B3-0CB351DAA92D}.Debug|x64.Build.0 = Debug|x64
		{97872F1D-1578-4593-92B3-0CB351DAA92D}.Debug|x64.Deploy.0 = Debug|x64
		{97872F1D-1578-4593-92B3-0CB351DAA92D}.Debug|x86.ActiveCfg = Debug|x86
		{97872F1D-1578-4593-92B3-0CB351DAA92D}.Debug|x86.Build.0 = Debug|x86
		{97872F1D-1578-4593-92B3-0CB351DAA92D}.Debug|x86.Deploy.0 = Debug|x86
		{97872F1D-1578-4593-92B3-0CB351DAA92D}.Release|Any CPU.ActiveCfg = Release|x86
		{97872F1D-1578-4593-92B3-0CB351DAA92D}.Release|Any CPU.Build.0 = Release|x86
		{97872F1D-1578-4593-92B3-0CB351DAA92D}.Release|Any CPU.Deploy.0 = Release|x86
		{97872F1D-1578-4593-92B3-0CB351DAA92D}.Release|ARM.ActiveCfg = Release|ARM
		{97872F1D-1578-4593-92B3-0CB351DAA92D}.Release|ARM.Build.0 = Release|ARM
		{97872F1D-1578-4593-92B3-0CB351DAA92D}.Release|ARM.Deploy.0 = Release|ARM
		{97872F1D-1578-4593-92B3-0CB351DAA92D}.Release|iPhone.ActiveCfg = Release|x86
		{97872F1D-1578-4593-92B3-0CB351DAA92D}.Release|iPhone.Build.0 = Release|x86
		{97872F1D-1578-4593-92B3-0CB351DAA92D}.Release|iPhone.Deploy.0 = Release|x86
		{97872F1D-1578-4593-92B3-0CB351DAA92D}.Release|iPhoneSimulator.ActiveCfg = Release|x86
		{97872F1D-1578-4593-92B3-0CB351DAA92D}.Release|iPhoneSimulator.Build.0 = Release|x86
		{97872F1D-1578-4593-92B3-0CB351DAA92D}.Release|iPhoneSimulator.Deploy.0 = Release|x86
		{97872F1D-1578-4593-92B3-0CB351DAA92D}.Release|x64.ActiveCfg = Release|x64
		{97872F1D-1578-4593-92B3-0CB351DAA92D}.Release|x64.Build.0 = Release|x64
		{97872F1D-1578-4593-92B3-0CB351DAA92D}.Release|x64.Deploy.0 = Release|x64
		{97872F1D-1578-4593-92B3-0CB351DAA92D}.Release|x86.ActiveCfg = Release|x86
		{97872F1D-1578-4593-92B3-0CB351DAA92D}.Release|x86.Build.0 = Release|x86
		{97872F1D-1578-4593-92B3-0CB351DAA92D}.Release|x86.Deploy.0 = Release|x86
		{D8CD0A10-C256-4780-A27A-018E4A65DBB9}.Debug|Any CPU.ActiveCfg = Debug|Any CPU
		{D8CD0A10-C256-4780-A27A-018E4A65DBB9}.Debug|Any CPU.Build.0 = Debug|Any CPU
		{D8CD0A10-C256-4780-A27A-018E4A65DBB9}.Debug|Any CPU.Deploy.0 = Debug|Any CPU
		{D8CD0A10-C256-4780-A27A-018E4A65DBB9}.Debug|ARM.ActiveCfg = Debug|Any CPU
		{D8CD0A10-C256-4780-A27A-018E4A65DBB9}.Debug|ARM.Build.0 = Debug|Any CPU
		{D8CD0A10-C256-4780-A27A-018E4A65DBB9}.Debug|ARM.Deploy.0 = Debug|Any CPU
		{D8CD0A10-C256-4780-A27A-018E4A65DBB9}.Debug|iPhone.ActiveCfg = Debug|Any CPU
		{D8CD0A10-C256-4780-A27A-018E4A65DBB9}.Debug|iPhone.Build.0 = Debug|Any CPU
		{D8CD0A10-C256-4780-A27A-018E4A65DBB9}.Debug|iPhone.Deploy.0 = Debug|Any CPU
		{D8CD0A10-C256-4780-A27A-018E4A65DBB9}.Debug|iPhoneSimulator.ActiveCfg = Debug|Any CPU
		{D8CD0A10-C256-4780-A27A-018E4A65DBB9}.Debug|iPhoneSimulator.Build.0 = Debug|Any CPU
		{D8CD0A10-C256-4780-A27A-018E4A65DBB9}.Debug|iPhoneSimulator.Deploy.0 = Debug|Any CPU
		{D8CD0A10-C256-4780-A27A-018E4A65DBB9}.Debug|x64.ActiveCfg = Debug|Any CPU
		{D8CD0A10-C256-4780-A27A-018E4A65DBB9}.Debug|x64.Build.0 = Debug|Any CPU
		{D8CD0A10-C256-4780-A27A-018E4A65DBB9}.Debug|x64.Deploy.0 = Debug|Any CPU
		{D8CD0A10-C256-4780-A27A-018E4A65DBB9}.Debug|x86.ActiveCfg = Debug|Any CPU
		{D8CD0A10-C256-4780-A27A-018E4A65DBB9}.Debug|x86.Build.0 = Debug|Any CPU
		{D8CD0A10-C256-4780-A27A-018E4A65DBB9}.Debug|x86.Deploy.0 = Debug|Any CPU
		{D8CD0A10-C256-4780-A27A-018E4A65DBB9}.Release|Any CPU.ActiveCfg = Release|Any CPU
		{D8CD0A10-C256-4780-A27A-018E4A65DBB9}.Release|Any CPU.Build.0 = Release|Any CPU
		{D8CD0A10-C256-4780-A27A-018E4A65DBB9}.Release|Any CPU.Deploy.0 = Release|Any CPU
		{D8CD0A10-C256-4780-A27A-018E4A65DBB9}.Release|ARM.ActiveCfg = Release|Any CPU
		{D8CD0A10-C256-4780-A27A-018E4A65DBB9}.Release|ARM.Build.0 = Release|Any CPU
		{D8CD0A10-C256-4780-A27A-018E4A65DBB9}.Release|ARM.Deploy.0 = Release|Any CPU
		{D8CD0A10-C256-4780-A27A-018E4A65DBB9}.Release|iPhone.ActiveCfg = Release|Any CPU
		{D8CD0A10-C256-4780-A27A-018E4A65DBB9}.Release|iPhone.Build.0 = Release|Any CPU
		{D8CD0A10-C256-4780-A27A-018E4A65DBB9}.Release|iPhone.Deploy.0 = Release|Any CPU
		{D8CD0A10-C256-4780-A27A-018E4A65DBB9}.Release|iPhoneSimulator.ActiveCfg = Release|Any CPU
		{D8CD0A10-C256-4780-A27A-018E4A65DBB9}.Release|iPhoneSimulator.Build.0 = Release|Any CPU
		{D8CD0A10-C256-4780-A27A-018E4A65DBB9}.Release|iPhoneSimulator.Deploy.0 = Release|Any CPU
		{D8CD0A10-C256-4780-A27A-018E4A65DBB9}.Release|x64.ActiveCfg = Release|Any CPU
		{D8CD0A10-C256-4780-A27A-018E4A65DBB9}.Release|x64.Build.0 = Release|Any CPU
		{D8CD0A10-C256-4780-A27A-018E4A65DBB9}.Release|x64.Deploy.0 = Release|Any CPU
		{D8CD0A10-C256-4780-A27A-018E4A65DBB9}.Release|x86.ActiveCfg = Release|Any CPU
		{D8CD0A10-C256-4780-A27A-018E4A65DBB9}.Release|x86.Build.0 = Release|Any CPU
		{D8CD0A10-C256-4780-A27A-018E4A65DBB9}.Release|x86.Deploy.0 = Release|Any CPU
		{AD9007EC-BFEC-49C3-BA4F-990E7C1AD2F5}.Debug|Any CPU.ActiveCfg = Debug|iPhoneSimulator
		{AD9007EC-BFEC-49C3-BA4F-990E7C1AD2F5}.Debug|Any CPU.Build.0 = Debug|iPhoneSimulator
		{AD9007EC-BFEC-49C3-BA4F-990E7C1AD2F5}.Debug|Any CPU.Deploy.0 = Debug|iPhoneSimulator
		{AD9007EC-BFEC-49C3-BA4F-990E7C1AD2F5}.Debug|ARM.ActiveCfg = Debug|iPhone
		{AD9007EC-BFEC-49C3-BA4F-990E7C1AD2F5}.Debug|ARM.Build.0 = Debug|iPhone
		{AD9007EC-BFEC-49C3-BA4F-990E7C1AD2F5}.Debug|ARM.Deploy.0 = Debug|iPhone
		{AD9007EC-BFEC-49C3-BA4F-990E7C1AD2F5}.Debug|iPhone.ActiveCfg = Debug|iPhone
		{AD9007EC-BFEC-49C3-BA4F-990E7C1AD2F5}.Debug|iPhone.Build.0 = Debug|iPhone
		{AD9007EC-BFEC-49C3-BA4F-990E7C1AD2F5}.Debug|iPhone.Deploy.0 = Debug|iPhone
		{AD9007EC-BFEC-49C3-BA4F-990E7C1AD2F5}.Debug|iPhoneSimulator.ActiveCfg = Debug|iPhoneSimulator
		{AD9007EC-BFEC-49C3-BA4F-990E7C1AD2F5}.Debug|iPhoneSimulator.Build.0 = Debug|iPhoneSimulator
		{AD9007EC-BFEC-49C3-BA4F-990E7C1AD2F5}.Debug|iPhoneSimulator.Deploy.0 = Debug|iPhoneSimulator
		{AD9007EC-BFEC-49C3-BA4F-990E7C1AD2F5}.Debug|x64.ActiveCfg = Debug|iPhoneSimulator
		{AD9007EC-BFEC-49C3-BA4F-990E7C1AD2F5}.Debug|x64.Build.0 = Debug|iPhoneSimulator
		{AD9007EC-BFEC-49C3-BA4F-990E7C1AD2F5}.Debug|x64.Deploy.0 = Debug|iPhoneSimulator
		{AD9007EC-BFEC-49C3-BA4F-990E7C1AD2F5}.Debug|x86.ActiveCfg = Debug|iPhoneSimulator
		{AD9007EC-BFEC-49C3-BA4F-990E7C1AD2F5}.Debug|x86.Build.0 = Debug|iPhoneSimulator
		{AD9007EC-BFEC-49C3-BA4F-990E7C1AD2F5}.Debug|x86.Deploy.0 = Debug|iPhoneSimulator
		{AD9007EC-BFEC-49C3-BA4F-990E7C1AD2F5}.Release|Any CPU.ActiveCfg = Release|iPhoneSimulator
		{AD9007EC-BFEC-49C3-BA4F-990E7C1AD2F5}.Release|Any CPU.Build.0 = Release|iPhoneSimulator
		{AD9007EC-BFEC-49C3-BA4F-990E7C1AD2F5}.Release|Any CPU.Deploy.0 = Release|iPhoneSimulator
		{AD9007EC-BFEC-49C3-BA4F-990E7C1AD2F5}.Release|ARM.ActiveCfg = Release|iPhoneSimulator
		{AD9007EC-BFEC-49C3-BA4F-990E7C1AD2F5}.Release|ARM.Build.0 = Release|iPhoneSimulator
		{AD9007EC-BFEC-49C3-BA4F-990E7C1AD2F5}.Release|ARM.Deploy.0 = Release|iPhoneSimulator
		{AD9007EC-BFEC-49C3-BA4F-990E7C1AD2F5}.Release|iPhone.ActiveCfg = Release|iPhone
		{AD9007EC-BFEC-49C3-BA4F-990E7C1AD2F5}.Release|iPhone.Build.0 = Release|iPhone
		{AD9007EC-BFEC-49C3-BA4F-990E7C1AD2F5}.Release|iPhone.Deploy.0 = Release|iPhone
		{AD9007EC-BFEC-49C3-BA4F-990E7C1AD2F5}.Release|iPhoneSimulator.ActiveCfg = Release|iPhoneSimulator
		{AD9007EC-BFEC-49C3-BA4F-990E7C1AD2F5}.Release|iPhoneSimulator.Build.0 = Release|iPhoneSimulator
		{AD9007EC-BFEC-49C3-BA4F-990E7C1AD2F5}.Release|iPhoneSimulator.Deploy.0 = Release|iPhoneSimulator
		{AD9007EC-BFEC-49C3-BA4F-990E7C1AD2F5}.Release|x64.ActiveCfg = Release|iPhoneSimulator
		{AD9007EC-BFEC-49C3-BA4F-990E7C1AD2F5}.Release|x64.Build.0 = Release|iPhoneSimulator
		{AD9007EC-BFEC-49C3-BA4F-990E7C1AD2F5}.Release|x64.Deploy.0 = Release|iPhoneSimulator
		{AD9007EC-BFEC-49C3-BA4F-990E7C1AD2F5}.Release|x86.ActiveCfg = Release|iPhoneSimulator
		{AD9007EC-BFEC-49C3-BA4F-990E7C1AD2F5}.Release|x86.Build.0 = Release|iPhoneSimulator
		{AD9007EC-BFEC-49C3-BA4F-990E7C1AD2F5}.Release|x86.Deploy.0 = Release|iPhoneSimulator
		{89535F76-0371-47E5-988A-38BC02C55363}.Debug|Any CPU.ActiveCfg = Debug|Any CPU
		{89535F76-0371-47E5-988A-38BC02C55363}.Debug|Any CPU.Build.0 = Debug|Any CPU
		{89535F76-0371-47E5-988A-38BC02C55363}.Debug|Any CPU.Deploy.0 = Debug|Any CPU
		{89535F76-0371-47E5-988A-38BC02C55363}.Debug|ARM.ActiveCfg = Debug|Any CPU
		{89535F76-0371-47E5-988A-38BC02C55363}.Debug|ARM.Build.0 = Debug|Any CPU
		{89535F76-0371-47E5-988A-38BC02C55363}.Debug|ARM.Deploy.0 = Debug|Any CPU
		{89535F76-0371-47E5-988A-38BC02C55363}.Debug|iPhone.ActiveCfg = Debug|Any CPU
		{89535F76-0371-47E5-988A-38BC02C55363}.Debug|iPhone.Build.0 = Debug|Any CPU
		{89535F76-0371-47E5-988A-38BC02C55363}.Debug|iPhone.Deploy.0 = Debug|Any CPU
		{89535F76-0371-47E5-988A-38BC02C55363}.Debug|iPhoneSimulator.ActiveCfg = Debug|Any CPU
		{89535F76-0371-47E5-988A-38BC02C55363}.Debug|iPhoneSimulator.Build.0 = Debug|Any CPU
		{89535F76-0371-47E5-988A-38BC02C55363}.Debug|iPhoneSimulator.Deploy.0 = Debug|Any CPU
		{89535F76-0371-47E5-988A-38BC02C55363}.Debug|x64.ActiveCfg = Debug|Any CPU
		{89535F76-0371-47E5-988A-38BC02C55363}.Debug|x64.Build.0 = Debug|Any CPU
		{89535F76-0371-47E5-988A-38BC02C55363}.Debug|x64.Deploy.0 = Debug|Any CPU
		{89535F76-0371-47E5-988A-38BC02C55363}.Debug|x86.ActiveCfg = Debug|Any CPU
		{89535F76-0371-47E5-988A-38BC02C55363}.Debug|x86.Build.0 = Debug|Any CPU
		{89535F76-0371-47E5-988A-38BC02C55363}.Debug|x86.Deploy.0 = Debug|Any CPU
		{89535F76-0371-47E5-988A-38BC02C55363}.Release|Any CPU.ActiveCfg = Release|Any CPU
		{89535F76-0371-47E5-988A-38BC02C55363}.Release|Any CPU.Build.0 = Release|Any CPU
		{89535F76-0371-47E5-988A-38BC02C55363}.Release|Any CPU.Deploy.0 = Release|Any CPU
		{89535F76-0371-47E5-988A-38BC02C55363}.Release|ARM.ActiveCfg = Release|Any CPU
		{89535F76-0371-47E5-988A-38BC02C55363}.Release|ARM.Build.0 = Release|Any CPU
		{89535F76-0371-47E5-988A-38BC02C55363}.Release|ARM.Deploy.0 = Release|Any CPU
		{89535F76-0371-47E5-988A-38BC02C55363}.Release|iPhone.ActiveCfg = Release|Any CPU
		{89535F76-0371-47E5-988A-38BC02C55363}.Release|iPhone.Build.0 = Release|Any CPU
		{89535F76-0371-47E5-988A-38BC02C55363}.Release|iPhone.Deploy.0 = Release|Any CPU
		{89535F76-0371-47E5-988A-38BC02C55363}.Release|iPhoneSimulator.ActiveCfg = Release|Any CPU
		{89535F76-0371-47E5-988A-38BC02C55363}.Release|iPhoneSimulator.Build.0 = Release|Any CPU
		{89535F76-0371-47E5-988A-38BC02C55363}.Release|iPhoneSimulator.Deploy.0 = Release|Any CPU
		{89535F76-0371-47E5-988A-38BC02C55363}.Release|x64.ActiveCfg = Release|Any CPU
		{89535F76-0371-47E5-988A-38BC02C55363}.Release|x64.Build.0 = Release|Any CPU
		{89535F76-0371-47E5-988A-38BC02C55363}.Release|x64.Deploy.0 = Release|Any CPU
		{89535F76-0371-47E5-988A-38BC02C55363}.Release|x86.ActiveCfg = Release|Any CPU
		{89535F76-0371-47E5-988A-38BC02C55363}.Release|x86.Build.0 = Release|Any CPU
		{89535F76-0371-47E5-988A-38BC02C55363}.Release|x86.Deploy.0 = Release|Any CPU
	EndGlobalSection
	GlobalSection(SolutionProperties) = preSolution
		HideSolutionNode = FALSE
	EndGlobalSection
	GlobalSection(ExtensibilityGlobals) = postSolution
		SolutionGuid = {49736947-6266-4BFC-9A28-3F47466FB10E}
	EndGlobalSection
EndGlobal
