
Microsoft Visual Studio Solution File, Format Version 12.00
# Visual Studio Version 16
VisualStudioVersion = 16.0.31624.102
MinimumVisualStudioVersion = 10.0.40219.1
Project("{FAE04EC0-301F-11D3-BF4B-00C04F79EFBC}") = "TestBootstrap", "TestBootstrap\TestBootstrap.csproj", "{771340E2-1F56-4B53-AC02-FDBAE7332C5D}"
EndProject
Global
	GlobalSection(SolutionConfigurationPlatforms) = preSolution
		Debug|Any CPU = Debug|Any CPU
		Release|Any CPU = Release|Any CPU
	EndGlobalSection
	GlobalSection(ProjectConfigurationPlatforms) = postSolution
		{771340E2-1F56-4B53-AC02-FDBAE7332C5D}.Debug|Any CPU.ActiveCfg = Debug|Any CPU
		{771340E2-1F56-4B53-AC02-FDBAE7332C5D}.Debug|Any CPU.Build.0 = Debug|Any CPU
		{771340E2-1F56-4B53-AC02-FDBAE7332C5D}.Release|Any CPU.ActiveCfg = Release|Any CPU
		{771340E2-1F56-4B53-AC02-FDBAE7332C5D}.Release|Any CPU.Build.0 = Release|Any CPU
	EndGlobalSection
	GlobalSection(SolutionProperties) = preSolution
		HideSolutionNode = FALSE
	EndGlobalSection
	GlobalSection(ExtensibilityGlobals) = postSolution
		SolutionGuid = {3D7480C9-C434-4C79-9C52-438DFB49BE6F}
	EndGlobalSection
EndGlobal
